{
  "name": "gha-npmjs-fixture-monorepo",
  "version": "0.0.0",
  "lockfileVersion": 3,
  "requires": true,
  "packages": {
    "": {
      "name": "gha-npmjs-fixture-monorepo",
      "version": "0.0.0",
      "license": "EUPL-1.2",
      "workspaces": [
        "packages/*"
      ]
    },
    "node_modules/@entur/gha-npmjs-fixture-common": {
      "resolved": "packages/common",
      "link": true
    },
    "node_modules/@entur/gha-npmjs-fixture-util": {
      "resolved": "packages/util",
      "link": true
    },
    "packages/common": {
      "name": "@entur/gha-npmjs-fixture-common",
      "version": "0.0.0",
      "license": "EUPL-1.2",
      "dependencies": {
        "@entur/gha-npmjs-fixture-util": "0.0.0"
      }
    },
    "packages/util": {
      "name": "@entur/gha-npmjs-fixture-util",
      "version": "0.0.0",
      "license": "EUPL-1.2"
    }
  }
}
