# This file is generated by running "yarn install" inside your project.
# Manual changes might be lost - proceed with caution!

__metadata:
  version: 10
  cacheKey: 10c0

"@entur/gha-npmjs-fixture-yarn-common@workspace:packages/common":
  version: 0.0.0-use.local
  resolution: "@entur/gha-npmjs-fixture-yarn-common@workspace:packages/common"
  dependencies:
    "@entur/gha-npmjs-fixture-yarn-util": "workspace:^"
  languageName: unknown
  linkType: soft

"@entur/gha-npmjs-fixture-yarn-util@workspace:^, @entur/gha-npmjs-fixture-yarn-util@workspace:packages/util":
  version: 0.0.0-use.local
  resolution: "@entur/gha-npmjs-fixture-yarn-util@workspace:packages/util"
  dependencies:
    tslib: "npm:2.8.1"
  languageName: unknown
  linkType: soft

"gha-npmjs-fixture-monorepo-yarn@workspace:.":
  version: 0.0.0-use.local
  resolution: "gha-npmjs-fixture-monorepo-yarn@workspace:."
  languageName: unknown
  linkType: soft

"tslib@npm:2.8.1":
  version: 2.8.1
  resolution: "tslib@npm:2.8.1"
  checksum: 10c0/9c4759110a19c53f992d9aae23aac5ced636e99887b51b9e61def52611732872ff7668757d4e4c61f19691e36f4da981cd9485e869b4a7408d689f6bf1f14e62
  languageName: node
  linkType: hard
